
Microsoft Visual Studio Solution File, Format Version 12.00
# Visual Studio Version 17
VisualStudioVersion = 17.10.35027.167
MinimumVisualStudioVersion = 10.0.40219.1
Project("{FAE04EC0-301F-11D3-BF4B-00C04F79EFBC}") = "LibraryManagementSystem", "LibraryManagementSystem.csproj", "{B53E41C8-1336-4008-9615-7D1054CC4DEE}"
EndProject
Global
	GlobalSection(SolutionConfigurationPlatforms) = preSolution
		Debug|Any CPU = Debug|Any CPU
		Release|Any CPU = Release|Any CPU
	EndGlobalSection
	GlobalSection(ProjectConfigurationPlatforms) = postSolution
		{B53E41C8-1336-4008-9615-7D1054CC4DEE}.Debug|Any CPU.ActiveCfg = Debug|Any CPU
		{B53E41C8-1336-4008-9615-7D1054CC4DEE}.Debug|Any CPU.Build.0 = Debug|Any CPU
		{B53E41C8-1336-4008-9615-7D1054CC4DEE}.Release|Any CPU.ActiveCfg = Release|Any CPU
		{B53E41C8-1336-4008-9615-7D1054CC4DEE}.Release|Any CPU.Build.0 = Release|Any CPU
	EndGlobalSection
	GlobalSection(SolutionProperties) = preSolution
		HideSolutionNode = FALSE
	EndGlobalSection
	GlobalSection(ExtensibilityGlobals) = postSolution
		SolutionGuid = {20EE23A3-3E4C-409B-9EA5-581E059D38E2}
	EndGlobalSection
EndGlobal
